{
  "version": 4,
  "terraform_version": "0.14.4",
  "serial": 8,
  "lineage": "1b8e8ec3-efbb-d6aa-0fc5-d429e0529f62",
  "outputs": {},
  "resources": [
    {
      "mode": "managed",
      "type": "aws_dynamodb_table",
      "name": "banking-origination-dynamodb",
      "provider": "provider[\"registry.terraform.io/hashicorp/aws\"]",
      "instances": [
        {
          "schema_version": 1,
          "attributes": {
            "arn": "arn:aws:dynamodb:ap-southeast-2:297633139939:table/digital_form",
            "attribute": [
              {
                "name": "PK",
                "type": "S"
              },
              {
                "name": "SK",
                "type": "S"
              },
              {
                "name": "productsCreatedAt",
                "type": "S"
              }
            ],
            "billing_mode": "PROVISIONED",
            "global_secondary_index": [
              {
                "hash_key": "PK",
                "name": "productsAndCreatedAt",
                "non_key_attributes": [],
                "projection_type": "ALL",
                "range_key": "productsCreatedAt",
                "read_capacity": 5,
                "write_capacity": 5
              },
              {
                "hash_key": "SK",
                "name": "invertedIndex",
                "non_key_attributes": [],
                "projection_type": "ALL",
                "range_key": "PK",
                "read_capacity": 5,
                "write_capacity": 5
              }
            ],
            "hash_key": "PK",
            "id": "digital_form",
            "local_secondary_index": [],
            "name": "digital_form",
            "point_in_time_recovery": [
              {
                "enabled": false
              }
            ],
            "range_key": "SK",
            "read_capacity": 5,
            "replica": [],
            "server_side_encryption": [],
            "stream_arn": "arn:aws:dynamodb:ap-southeast-2:297633139939:table/digital_form/stream/2021-01-13T11:52:09.873",
            "stream_enabled": true,
            "stream_label": "2021-01-13T11:52:09.873",
            "stream_view_type": "NEW_AND_OLD_IMAGES",
            "tags": {
              "Environment": "testing",
              "Name": "origination-digital-form"
            },
            "timeouts": null,
            "ttl": [
              {
                "attribute_name": "",
                "enabled": false
              }
            ],
            "write_capacity": 5
          },
          "sensitive_attributes": [],
          "private": "eyJlMmJmYjczMC1lY2FhLTExZTYtOGY4OC0zNDM2M2JjN2M0YzAiOnsiY3JlYXRlIjo2MDAwMDAwMDAwMDAsImRlbGV0ZSI6NjAwMDAwMDAwMDAwLCJ1cGRhdGUiOjM2MDAwMDAwMDAwMDB9LCJzY2hlbWFfdmVyc2lvbiI6IjEifQ=="
        }
      ]
    }
  ]
}
